{
  "name": "crypt05",
  "version": "1.0.0",
  "lockfileVersion": 1,
  "requires": true,
  "dependencies": {
    "@blockstack/clarity": {
      "version": "0.3.15",
      "resolved": "https://registry.npmjs.org/@blockstack/clarity/-/clarity-0.3.15.tgz",
      "integrity": "sha512-LWfyZ6WTWrWhhD/gV7jIy2ApQRuOFXI3CLrFrhFyGuOA8/zHYft9LjOFAl5I9kFg5x0BNj3vf2zj9VbpHR2SRg=="
    }
  }
}
